
Microsoft Visual Studio Solution File, Format Version 12.00
# Visual Studio Version 17
VisualStudioVersion = 17.1.32210.238
MinimumVisualStudioVersion = 10.0.40219.1
Project("{FAE04EC0-301F-11D3-BF4B-00C04F79EFBC}") = "LoopringRedditNFTGiveawayBot", "LoopringRedditNFTGiveawayBot\LoopringRedditNFTGiveawayBot.csproj", "{3D4DED86-55BF-4A32-8D69-F63D26867BA0}"
EndProject
Global
	GlobalSection(SolutionConfigurationPlatforms) = preSolution
		Debug|Any CPU = Debug|Any CPU
		Release|Any CPU = Release|Any CPU
	EndGlobalSection
	GlobalSection(ProjectConfigurationPlatforms) = postSolution
		{3D4DED86-55BF-4A32-8D69-F63D26867BA0}.Debug|Any CPU.ActiveCfg = Debug|Any CPU
		{3D4DED86-55BF-4A32-8D69-F63D26867BA0}.Debug|Any CPU.Build.0 = Debug|Any CPU
		{3D4DED86-55BF-4A32-8D69-F63D26867BA0}.Release|Any CPU.ActiveCfg = Release|Any CPU
		{3D4DED86-55BF-4A32-8D69-F63D26867BA0}.Release|Any CPU.Build.0 = Release|Any CPU
	EndGlobalSection
	GlobalSection(SolutionProperties) = preSolution
		HideSolutionNode = FALSE
	EndGlobalSection
	GlobalSection(ExtensibilityGlobals) = postSolution
		SolutionGuid = {02C56436-C792-4E6E-8FD5-883D2D96DBF4}
	EndGlobalSection
EndGlobal
